
Microsoft Visual Studio Solution File, Format Version 12.00
# Visual Studio Version 16
VisualStudioVersion = 16.0.31205.134
MinimumVisualStudioVersion = 10.0.40219.1
Project("{FAE04EC0-301F-11D3-BF4B-00C04F79EFBC}") = "fukuv0602", "fukuv0602\fukuv0602.csproj", "{0608AD68-BEDB-4A73-8CF0-ECF02CBA894F}"
EndProject
Global
	GlobalSection(SolutionConfigurationPlatforms) = preSolution
		Debug|Any CPU = Debug|Any CPU
		Release|Any CPU = Release|Any CPU
	EndGlobalSection
	GlobalSection(ProjectConfigurationPlatforms) = postSolution
		{0608AD68-BEDB-4A73-8CF0-ECF02CBA894F}.Debug|Any CPU.ActiveCfg = Debug|Any CPU
		{0608AD68-BEDB-4A73-8CF0-ECF02CBA894F}.Debug|Any CPU.Build.0 = Debug|Any CPU
		{0608AD68-BEDB-4A73-8CF0-ECF02CBA894F}.Release|Any CPU.ActiveCfg = Release|Any CPU
		{0608AD68-BEDB-4A73-8CF0-ECF02CBA894F}.Release|Any CPU.Build.0 = Release|Any CPU
	EndGlobalSection
	GlobalSection(SolutionProperties) = preSolution
		HideSolutionNode = FALSE
	EndGlobalSection
	GlobalSection(ExtensibilityGlobals) = postSolution
		SolutionGuid = {0859937F-E6F7-4693-9B6B-9B8A4686EFC1}
	EndGlobalSection
EndGlobal
